// !$*UTF8*$!
{
	archiveVersion = 1;
	classes = {
	};
	objectVersion = 46;
	objects = {

/* Begin PBXBuildFile section */
		731546AB1E6D104F00BD34ED /* AppDelegate.swift in Sources */ = {isa = PBXBuildFile; fileRef = 731546AA1E6D104F00BD34ED /* AppDelegate.swift */; };
		731546B01E6D104F00BD34ED /* Main.storyboard in Resources */ = {isa = PBXBuildFile; fileRef = 731546AE1E6D104F00BD34ED /* Main.storyboard */; };
		731546B21E6D104F00BD34ED /* Assets.xcassets in Resources */ = {isa = PBXBuildFile; fileRef = 731546B11E6D104F00BD34ED /* Assets.xcassets */; };
		731546B51E6D104F00BD34ED /* LaunchScreen.storyboard in Resources */ = {isa = PBXBuildFile; fileRef = 731546B31E6D104F00BD34ED /* LaunchScreen.storyboard */; };
		733220871E6D184900EE792B /* InstagramUITests.swift in Sources */ = {isa = PBXBuildFile; fileRef = 733220861E6D184900EE792B /* InstagramUITests.swift */; };
		733220951E6D185700EE792B /* InstagramTests.swift in Sources */ = {isa = PBXBuildFile; fileRef = 733220941E6D185700EE792B /* InstagramTests.swift */; };
		7332209E1E6D189300EE792B /* LoginViewController.swift in Sources */ = {isa = PBXBuildFile; fileRef = 7332209D1E6D189300EE792B /* LoginViewController.swift */; };
		733220A01E6D2A4200EE792B /* HomeViewController.swift in Sources */ = {isa = PBXBuildFile; fileRef = 7332209F1E6D2A4200EE792B /* HomeViewController.swift */; };
		734064291E6D463B00730F2A /* PostViewController.swift in Sources */ = {isa = PBXBuildFile; fileRef = 734064281E6D463B00730F2A /* PostViewController.swift */; };
		7340642C1E6D4AEC00730F2A /* Post.swift in Sources */ = {isa = PBXBuildFile; fileRef = 7340642B1E6D4AEC00730F2A /* Post.swift */; };
		7372F5081E6D517A00B64400 /* PostTableViewCell.swift in Sources */ = {isa = PBXBuildFile; fileRef = 7372F5071E6D517A00B64400 /* PostTableViewCell.swift */; };
		73ED035E1E71E8E4001AD2CB /* User.swift in Sources */ = {isa = PBXBuildFile; fileRef = 73ED035D1E71E8E4001AD2CB /* User.swift */; };
		94B3B7751EFCDDD031300916 /* Pods_Instagram.framework in Frameworks */ = {isa = PBXBuildFile; fileRef = E8372094B0C75D08D1C61D56 /* Pods_Instagram.framework */; };
/* End PBXBuildFile section */

/* Begin PBXContainerItemProxy section */
		733220891E6D184900EE792B /* PBXContainerItemProxy */ = {
			isa = PBXContainerItemProxy;
			containerPortal = 7315469F1E6D104F00BD34ED /* Project object */;
			proxyType = 1;
			remoteGlobalIDString = 731546A61E6D104F00BD34ED;
			remoteInfo = Instagram;
		};
		733220971E6D185700EE792B /* PBXContainerItemProxy */ = {
			isa = PBXContainerItemProxy;
			containerPortal = 7315469F1E6D104F00BD34ED /* Project object */;
			proxyType = 1;
			remoteGlobalIDString = 731546A61E6D104F00BD34ED;
			remoteInfo = Instagram;
		};
/* End PBXContainerItemProxy section */

/* Begin PBXFileReference section */
		731546A71E6D104F00BD34ED /* Instagram.app */ = {isa = PBXFileReference; explicitFileType = wrapper.application; includeInIndex = 0; path = Instagram.app; sourceTree = BUILT_PRODUCTS_DIR; };
		731546AA1E6D104F00BD34ED /* AppDelegate.swift */ = {isa = PBXFileReference; lastKnownFileType = sourcecode.swift; path = AppDelegate.swift; sourceTree = "<group>"; };
		731546AF1E6D104F00BD34ED /* Base */ = {isa = PBXFileReference; lastKnownFileType = file.storyboard; name = Base; path = Base.lproj/Main.storyboard; sourceTree = "<group>"; };
		731546B11E6D104F00BD34ED /* Assets.xcassets */ = {isa = PBXFileReference; lastKnownFileType = folder.assetcatalog; path = Assets.xcassets; sourceTree = "<group>"; };
		731546B41E6D104F00BD34ED /* Base */ = {isa = PBXFileReference; lastKnownFileType = file.storyboard; name = Base; path = Base.lproj/LaunchScreen.storyboard; sourceTree = "<group>"; };
		731546B61E6D104F00BD34ED /* Info.plist */ = {isa = PBXFileReference; lastKnownFileType = text.plist.xml; path = Info.plist; sourceTree = "<group>"; };
		733220841E6D184900EE792B /* InstagramUITests.xctest */ = {isa = PBXFileReference; explicitFileType = wrapper.cfbundle; includeInIndex = 0; path = InstagramUITests.xctest; sourceTree = BUILT_PRODUCTS_DIR; };
		733220861E6D184900EE792B /* InstagramUITests.swift */ = {isa = PBXFileReference; lastKnownFileType = sourcecode.swift; path = InstagramUITests.swift; sourceTree = "<group>"; };
		733220881E6D184900EE792B /* Info.plist */ = {isa = PBXFileReference; lastKnownFileType = text.plist.xml; path = Info.plist; sourceTree = "<group>"; };
		733220921E6D185700EE792B /* InstagramTests.xctest */ = {isa = PBXFileReference; explicitFileType = wrapper.cfbundle; includeInIndex = 0; path = InstagramTests.xctest; sourceTree = BUILT_PRODUCTS_DIR; };
		733220941E6D185700EE792B /* InstagramTests.swift */ = {isa = PBXFileReference; lastKnownFileType = sourcecode.swift; path = InstagramTests.swift; sourceTree = "<group>"; };
		733220961E6D185700EE792B /* Info.plist */ = {isa = PBXFileReference; lastKnownFileType = text.plist.xml; path = Info.plist; sourceTree = "<group>"; };
		7332209D1E6D189300EE792B /* LoginViewController.swift */ = {isa = PBXFileReference; fileEncoding = 4; lastKnownFileType = sourcecode.swift; path = LoginViewController.swift; sourceTree = "<group>"; };
		7332209F1E6D2A4200EE792B /* HomeViewController.swift */ = {isa = PBXFileReference; fileEncoding = 4; lastKnownFileType = sourcecode.swift; path = HomeViewController.swift; sourceTree = "<group>"; };
		734064281E6D463B00730F2A /* PostViewController.swift */ = {isa = PBXFileReference; fileEncoding = 4; lastKnownFileType = sourcecode.swift; path = PostViewController.swift; sourceTree = "<group>"; };
		7340642B1E6D4AEC00730F2A /* Post.swift */ = {isa = PBXFileReference; fileEncoding = 4; lastKnownFileType = sourcecode.swift; path = Post.swift; sourceTree = "<group>"; };
		7372F5071E6D517A00B64400 /* PostTableViewCell.swift */ = {isa = PBXFileReference; fileEncoding = 4; lastKnownFileType = sourcecode.swift; path = PostTableViewCell.swift; sourceTree = "<group>"; };
		73ED035D1E71E8E4001AD2CB /* User.swift */ = {isa = PBXFileReference; fileEncoding = 4; lastKnownFileType = sourcecode.swift; path = User.swift; sourceTree = "<group>"; };
		BBDC0B1FF02CB17574916BB5 /* Pods-Instagram.debug.xcconfig */ = {isa = PBXFileReference; includeInIndex = 1; lastKnownFileType = text.xcconfig; name = "Pods-Instagram.debug.xcconfig"; path = "Pods/Target Support Files/Pods-Instagram/Pods-Instagram.debug.xcconfig"; sourceTree = "<group>"; };
		E8372094B0C75D08D1C61D56 /* Pods_Instagram.framework */ = {isa = PBXFileReference; explicitFileType = wrapper.framework; includeInIndex = 0; path = Pods_Instagram.framework; sourceTree = BUILT_PRODUCTS_DIR; };
		FBE28DEF51EF08FC55EB82C0 /* Pods-Instagram.release.xcconfig */ = {isa = PBXFileReference; includeInIndex = 1; lastKnownFileType = text.xcconfig; name = "Pods-Instagram.release.xcconfig"; path = "Pods/Target Support Files/Pods-Instagram/Pods-Instagram.release.xcconfig"; sourceTree = "<group>"; };
/* End PBXFileReference section */

/* Begin PBXFrameworksBuildPhase section */
		731546A41E6D104F00BD34ED /* Frameworks */ = {
			isa = PBXFrameworksBuildPhase;
			buildActionMask = 2147483647;
			files = (
				94B3B7751EFCDDD031300916 /* Pods_Instagram.framework in Frameworks */,
			);
			runOnlyForDeploymentPostprocessing = 0;
		};
		733220811E6D184900EE792B /* Frameworks */ = {
			isa = PBXFrameworksBuildPhase;
			buildActionMask = 2147483647;
			files = (
			);
			runOnlyForDeploymentPostprocessing = 0;
		};
		7332208F1E6D185700EE792B /* Frameworks */ = {
			isa = PBXFrameworksBuildPhase;
			buildActionMask = 2147483647;
			files = (
			);
			runOnlyForDeploymentPostprocessing = 0;
		};
/* End PBXFrameworksBuildPhase section */

/* Begin PBXGroup section */
		7315469E1E6D104F00BD34ED = {
			isa = PBXGroup;
			children = (
				731546A91E6D104F00BD34ED /* Instagram */,
				733220851E6D184900EE792B /* InstagramUITests */,
				733220931E6D185700EE792B /* InstagramTests */,
				731546A81E6D104F00BD34ED /* Products */,
				91EE406FF07A9B2271F7CD64 /* Pods */,
				CC3A100FF076C527E9119B93 /* Frameworks */,
			);
			sourceTree = "<group>";
		};
		731546A81E6D104F00BD34ED /* Products */ = {
			isa = PBXGroup;
			children = (
				731546A71E6D104F00BD34ED /* Instagram.app */,
				733220841E6D184900EE792B /* InstagramUITests.xctest */,
				733220921E6D185700EE792B /* InstagramTests.xctest */,
			);
			name = Products;
			sourceTree = "<group>";
		};
		731546A91E6D104F00BD34ED /* Instagram */ = {
			isa = PBXGroup;
			children = (
				7372F5041E6D514700B64400 /* Views */,
				7340642A1E6D4AD800730F2A /* Models */,
				7332209C1E6D187E00EE792B /* ViewControllers */,
				731546AA1E6D104F00BD34ED /* AppDelegate.swift */,
				731546AE1E6D104F00BD34ED /* Main.storyboard */,
				731546B11E6D104F00BD34ED /* Assets.xcassets */,
				731546B31E6D104F00BD34ED /* LaunchScreen.storyboard */,
				731546B61E6D104F00BD34ED /* Info.plist */,
			);
			path = Instagram;
			sourceTree = "<group>";
		};
		733220851E6D184900EE792B /* InstagramUITests */ = {
			isa = PBXGroup;
			children = (
				733220861E6D184900EE792B /* InstagramUITests.swift */,
				733220881E6D184900EE792B /* Info.plist */,
			);
			path = InstagramUITests;
			sourceTree = "<group>";
		};
		733220931E6D185700EE792B /* InstagramTests */ = {
			isa = PBXGroup;
			children = (
				733220941E6D185700EE792B /* InstagramTests.swift */,
				733220961E6D185700EE792B /* Info.plist */,
			);
			path = InstagramTests;
			sourceTree = "<group>";
		};
		7332209C1E6D187E00EE792B /* ViewControllers */ = {
			isa = PBXGroup;
			children = (
				7332209D1E6D189300EE792B /* LoginViewController.swift */,
				7332209F1E6D2A4200EE792B /* HomeViewController.swift */,
				734064281E6D463B00730F2A /* PostViewController.swift */,
			);
			name = ViewControllers;
			sourceTree = "<group>";
		};
		7340642A1E6D4AD800730F2A /* Models */ = {
			isa = PBXGroup;
			children = (
				7340642B1E6D4AEC00730F2A /* Post.swift */,
				73ED035D1E71E8E4001AD2CB /* User.swift */,
			);
			name = Models;
			sourceTree = "<group>";
		};
		7372F5041E6D514700B64400 /* Views */ = {
			isa = PBXGroup;
			children = (
				7372F5071E6D517A00B64400 /* PostTableViewCell.swift */,
			);
			name = Views;
			sourceTree = "<group>";
		};
		91EE406FF07A9B2271F7CD64 /* Pods */ = {
			isa = PBXGroup;
			children = (
				BBDC0B1FF02CB17574916BB5 /* Pods-Instagram.debug.xcconfig */,
				FBE28DEF51EF08FC55EB82C0 /* Pods-Instagram.release.xcconfig */,
			);
			name = Pods;
			sourceTree = "<group>";
		};
		CC3A100FF076C527E9119B93 /* Frameworks */ = {
			isa = PBXGroup;
			children = (
				E8372094B0C75D08D1C61D56 /* Pods_Instagram.framework */,
			);
			name = Frameworks;
			sourceTree = "<group>";
		};
/* End PBXGroup section */

/* Begin PBXNativeTarget section */
		731546A61E6D104F00BD34ED /* Instagram */ = {
			isa = PBXNativeTarget;
			buildConfigurationList = 731546B91E6D104F00BD34ED /* Build configuration list for PBXNativeTarget "Instagram" */;
			buildPhases = (
				5FF60DAD9A1B9DD7714870BC /* [CP] Check Pods Manifest.lock */,
				731546A31E6D104F00BD34ED /* Sources */,
				731546A41E6D104F00BD34ED /* Frameworks */,
				731546A51E6D104F00BD34ED /* Resources */,
				C2B7033939E9E4CEB486DBF5 /* [CP] Embed Pods Frameworks */,
				719B68DA2DF9769B80164063 /* [CP] Copy Pods Resources */,
			);
			buildRules = (
			);
			dependencies = (
			);
			name = Instagram;
			productName = Instagram;
			productReference = 731546A71E6D104F00BD34ED /* Instagram.app */;
			productType = "com.apple.product-type.application";
		};
		733220831E6D184900EE792B /* InstagramUITests */ = {
			isa = PBXNativeTarget;
			buildConfigurationList = 7332208D1E6D184900EE792B /* Build configuration list for PBXNativeTarget "InstagramUITests" */;
			buildPhases = (
				733220801E6D184900EE792B /* Sources */,
				733220811E6D184900EE792B /* Frameworks */,
				733220821E6D184900EE792B /* Resources */,
			);
			buildRules = (
			);
			dependencies = (
				7332208A1E6D184900EE792B /* PBXTargetDependency */,
			);
			name = InstagramUITests;
			productName = InstagramUITests;
			productReference = 733220841E6D184900EE792B /* InstagramUITests.xctest */;
			productType = "com.apple.product-type.bundle.ui-testing";
		};
		733220911E6D185700EE792B /* InstagramTests */ = {
			isa = PBXNativeTarget;
			buildConfigurationList = 733220991E6D185700EE792B /* Build configuration list for PBXNativeTarget "InstagramTests" */;
			buildPhases = (
				7332208E1E6D185700EE792B /* Sources */,
				7332208F1E6D185700EE792B /* Frameworks */,
				733220901E6D185700EE792B /* Resources */,
			);
			buildRules = (
			);
			dependencies = (
				733220981E6D185700EE792B /* PBXTargetDependency */,
			);
			name = InstagramTests;
			productName = InstagramTests;
			productReference = 733220921E6D185700EE792B /* InstagramTests.xctest */;
			productType = "com.apple.product-type.bundle.unit-test";
		};
/* End PBXNativeTarget section */

/* Begin PBXProject section */
		7315469F1E6D104F00BD34ED /* Project object */ = {
			isa = PBXProject;
			attributes = {
				LastSwiftUpdateCheck = 0820;
				LastUpgradeCheck = 0820;
				ORGANIZATIONNAME = Smiley;
				TargetAttributes = {
					731546A61E6D104F00BD34ED = {
						CreatedOnToolsVersion = 8.2.1;
						DevelopmentTeam = 34WD9C788A;
						ProvisioningStyle = Automatic;
					};
					733220831E6D184900EE792B = {
						CreatedOnToolsVersion = 8.2.1;
						DevelopmentTeam = 34WD9C788A;
						ProvisioningStyle = Automatic;
						TestTargetID = 731546A61E6D104F00BD34ED;
					};
					733220911E6D185700EE792B = {
						CreatedOnToolsVersion = 8.2.1;
						DevelopmentTeam = 34WD9C788A;
						ProvisioningStyle = Automatic;
						TestTargetID = 731546A61E6D104F00BD34ED;
					};
				};
			};
			buildConfigurationList = 731546A21E6D104F00BD34ED /* Build configuration list for PBXProject "Instagram" */;
			compatibilityVersion = "Xcode 3.2";
			developmentRegion = English;
			hasScannedForEncodings = 0;
			knownRegions = (
				en,
				Base,
			);
			mainGroup = 7315469E1E6D104F00BD34ED;
			productRefGroup = 731546A81E6D104F00BD34ED /* Products */;
			projectDirPath = "";
			projectRoot = "";
			targets = (
				731546A61E6D104F00BD34ED /* Instagram */,
				733220831E6D184900EE792B /* InstagramUITests */,
				733220911E6D185700EE792B /* InstagramTests */,
			);
		};
/* End PBXProject section */

/* Begin PBXResourcesBuildPhase section */
		731546A51E6D104F00BD34ED /* Resources */ = {
			isa = PBXResourcesBuildPhase;
			buildActionMask = 2147483647;
			files = (
				731546B51E6D104F00BD34ED /* LaunchScreen.storyboard in Resources */,
				731546B21E6D104F00BD34ED /* Assets.xcassets in Resources */,
				731546B01E6D104F00BD34ED /* Main.storyboard in Resources */,
			);
			runOnlyForDeploymentPostprocessing = 0;
		};
		733220821E6D184900EE792B /* Resources */ = {
			isa = PBXResourcesBuildPhase;
			buildActionMask = 2147483647;
			files = (
			);
			runOnlyForDeploymentPostprocessing = 0;
		};
		733220901E6D185700EE792B /* Resources */ = {
			isa = PBXResourcesBuildPhase;
			buildActionMask = 2147483647;
			files = (
			);
			runOnlyForDeploymentPostprocessing = 0;
		};
/* End PBXResourcesBuildPhase section */

/* Begin PBXShellScriptBuildPhase section */
		5FF60DAD9A1B9DD7714870BC /* [CP] Check Pods Manifest.lock */ = {
			isa = PBXShellScriptBuildPhase;
			buildActionMask = 2147483647;
			files = (
			);
			inputPaths = (
			);
			name = "[CP] Check Pods Manifest.lock";
			outputPaths = (
			);
			runOnlyForDeploymentPostprocessing = 0;
			shellPath = /bin/sh;
			shellScript = "diff \"${PODS_ROOT}/../Podfile.lock\" \"${PODS_ROOT}/Manifest.lock\" > /dev/null\nif [ $? != 0 ] ; then\n    # print error to STDERR\n    echo \"error: The sandbox is not in sync with the Podfile.lock. Run 'pod install' or update your CocoaPods installation.\" >&2\n    exit 1\nfi\n";
			showEnvVarsInLog = 0;
		};
		719B68DA2DF9769B80164063 /* [CP] Copy Pods Resources */ = {
			isa = PBXShellScriptBuildPhase;
			buildActionMask = 2147483647;
			files = (
			);
			inputPaths = (
			);
			name = "[CP] Copy Pods Resources";
			outputPaths = (
			);
			runOnlyForDeploymentPostprocessing = 0;
			shellPath = /bin/sh;
			shellScript = "\"${SRCROOT}/Pods/Target Support Files/Pods-Instagram/Pods-Instagram-resources.sh\"\n";
			showEnvVarsInLog = 0;
		};
		C2B7033939E9E4CEB486DBF5 /* [CP] Embed Pods Frameworks */ = {
			isa = PBXShellScriptBuildPhase;
			buildActionMask = 2147483647;
			files = (
			);
			inputPaths = (
			);
			name = "[CP] Embed Pods Frameworks";
			outputPaths = (
			);
			runOnlyForDeploymentPostprocessing = 0;
			shellPath = /bin/sh;
			shellScript = "\"${SRCROOT}/Pods/Target Support Files/Pods-Instagram/Pods-Instagram-frameworks.sh\"\n";
			showEnvVarsInLog = 0;
		};
/* End PBXShellScriptBuildPhase section */

/* Begin PBXSourcesBuildPhase section */
		731546A31E6D104F00BD34ED /* Sources */ = {
			isa = PBXSourcesBuildPhase;
			buildActionMask = 2147483647;
			files = (
				7372F5081E6D517A00B64400 /* PostTableViewCell.swift in Sources */,
				7332209E1E6D189300EE792B /* LoginViewController.swift in Sources */,
				731546AB1E6D104F00BD34ED /* AppDelegate.swift in Sources */,
				7340642C1E6D4AEC00730F2A /* Post.swift in Sources */,
				733220A01E6D2A4200EE792B /* HomeViewController.swift in Sources */,
				734064291E6D463B00730F2A /* PostViewController.swift in Sources */,
				73ED035E1E71E8E4001AD2CB /* User.swift in Sources */,
			);
			runOnlyForDeploymentPostprocessing = 0;
		};
		733220801E6D184900EE792B /* Sources */ = {
			isa = PBXSourcesBuildPhase;
			buildActionMask = 2147483647;
			files = (
				733220871E6D184900EE792B /* InstagramUITests.swift in Sources */,
			);
			runOnlyForDeploymentPostprocessing = 0;
		};
		7332208E1E6D185700EE792B /* Sources */ = {
			isa = PBXSourcesBuildPhase;
			buildActionMask = 2147483647;
			files = (
				733220951E6D185700EE792B /* InstagramTests.swift in Sources */,
			);
			runOnlyForDeploymentPostprocessing = 0;
		};
/* End PBXSourcesBuildPhase section */

/* Begin PBXTargetDependency section */
		7332208A1E6D184900EE792B /* PBXTargetDependency */ = {
			isa = PBXTargetDependency;
			target = 731546A61E6D104F00BD34ED /* Instagram */;
			targetProxy = 733220891E6D184900EE792B /* PBXContainerItemProxy */;
		};
		733220981E6D185700EE792B /* PBXTargetDependency */ = {
			isa = PBXTargetDependency;
			target = 731546A61E6D104F00BD34ED /* Instagram */;
			targetProxy = 733220971E6D185700EE792B /* PBXContainerItemProxy */;
		};
/* End PBXTargetDependency section */

/* Begin PBXVariantGroup section */
		731546AE1E6D104F00BD34ED /* Main.storyboard */ = {
			isa = PBXVariantGroup;
			children = (
				731546AF1E6D104F00BD34ED /* Base */,
			);
			name = Main.storyboard;
			sourceTree = "<group>";
		};
		731546B31E6D104F00BD34ED /* LaunchScreen.storyboard */ = {
			isa = PBXVariantGroup;
			children = (
				731546B41E6D104F00BD34ED /* Base */,
			);
			name = LaunchScreen.storyboard;
			sourceTree = "<group>";
		};
/* End PBXVariantGroup section */

/* Begin XCBuildConfiguration section */
		731546B71E6D104F00BD34ED /* Debug */ = {
			isa = XCBuildConfiguration;
			buildSettings = {
				ALWAYS_SEARCH_USER_PATHS = NO;
				CLANG_ANALYZER_NONNULL = YES;
				CLANG_CXX_LANGUAGE_STANDARD = "gnu++0x";
				CLANG_CXX_LIBRARY = "libc++";
				CLANG_ENABLE_MODULES = YES;
				CLANG_ENABLE_OBJC_ARC = YES;
				CLANG_WARN_BOOL_CONVERSION = YES;
				CLANG_WARN_CONSTANT_CONVERSION = YES;
				CLANG_WARN_DIRECT_OBJC_ISA_USAGE = YES_ERROR;
				CLANG_WARN_DOCUMENTATION_COMMENTS = YES;
				CLANG_WARN_EMPTY_BODY = YES;
				CLANG_WARN_ENUM_CONVERSION = YES;
				CLANG_WARN_INFINITE_RECURSION = YES;
				CLANG_WARN_INT_CONVERSION = YES;
				CLANG_WARN_OBJC_ROOT_CLASS = YES_ERROR;
				CLANG_WARN_SUSPICIOUS_MOVE = YES;
				CLANG_WARN_UNREACHABLE_CODE = YES;
				CLANG_WARN__DUPLICATE_METHOD_MATCH = YES;
				"CODE_SIGN_IDENTITY[sdk=iphoneos*]" = "iPhone Developer";
				COPY_PHASE_STRIP = NO;
				DEBUG_INFORMATION_FORMAT = dwarf;
				ENABLE_STRICT_OBJC_MSGSEND = YES;
				ENABLE_TESTABILITY = YES;
				GCC_C_LANGUAGE_STANDARD = gnu99;
				GCC_DYNAMIC_NO_PIC = NO;
				GCC_NO_COMMON_BLOCKS = YES;
				GCC_OPTIMIZATION_LEVEL = 0;
				GCC_PREPROCESSOR_DEFINITIONS = (
					"DEBUG=1",
					"$(inherited)",
				);
				GCC_WARN_64_TO_32_BIT_CONVERSION = YES;
				GCC_WARN_ABOUT_RETURN_TYPE = YES_ERROR;
				GCC_WARN_UNDECLARED_SELECTOR = YES;
				GCC_WARN_UNINITIALIZED_AUTOS = YES_AGGRESSIVE;
				GCC_WARN_UNUSED_FUNCTION = YES;
				GCC_WARN_UNUSED_VARIABLE = YES;
				IPHONEOS_DEPLOYMENT_TARGET = 10.2;
				MTL_ENABLE_DEBUG_INFO = YES;
				ONLY_ACTIVE_ARCH = YES;
				SDKROOT = iphoneos;
				SWIFT_ACTIVE_COMPILATION_CONDITIONS = DEBUG;
				SWIFT_OPTIMIZATION_LEVEL = "-Onone";
				TARGETED_DEVICE_FAMILY = "1,2";
			};
			name = Debug;
		};
		731546B81E6D104F00BD34ED /* Release */ = {
			isa = XCBuildConfiguration;
			buildSettings = {
				ALWAYS_SEARCH_USER_PATHS = NO;
				CLANG_ANALYZER_NONNULL = YES;
				CLANG_CXX_LANGUAGE_STANDARD = "gnu++0x";
				CLANG_CXX_LIBRARY = "libc++";
				CLANG_ENABLE_MODULES = YES;
				CLANG_ENABLE_OBJC_ARC = YES;
				CLANG_WARN_BOOL_CONVERSION = YES;
				CLANG_WARN_CONSTANT_CONVERSION = YES;
				CLANG_WARN_DIRECT_OBJC_ISA_USAGE = YES_ERROR;
				CLANG_WARN_DOCUMENTATION_COMMENTS = YES;
				CLANG_WARN_EMPTY_BODY = YES;
				CLANG_WARN_ENUM_CONVERSION = YES;
				CLANG_WARN_INFINITE_RECURSION = YES;
				CLANG_WARN_INT_CONVERSION = YES;
				CLANG_WARN_OBJC_ROOT_CLASS = YES_ERROR;
				CLANG_WARN_SUSPICIOUS_MOVE = YES;
				CLANG_WARN_UNREACHABLE_CODE = YES;
				CLANG_WARN__DUPLICATE_METHOD_MATCH = YES;
				"CODE_SIGN_IDENTITY[sdk=iphoneos*]" = "iPhone Developer";
				COPY_PHASE_STRIP = NO;
				DEBUG_INFORMATION_FORMAT = "dwarf-with-dsym";
				ENABLE_NS_ASSERTIONS = NO;
				ENABLE_STRICT_OBJC_MSGSEND = YES;
				GCC_C_LANGUAGE_STANDARD = gnu99;
				GCC_NO_COMMON_BLOCKS = YES;
				GCC_WARN_64_TO_32_BIT_CONVERSION = YES;
				GCC_WARN_ABOUT_RETURN_TYPE = YES_ERROR;
				GCC_WARN_UNDECLARED_SELECTOR = YES;
				GCC_WARN_UNINITIALIZED_AUTOS = YES_AGGRESSIVE;
				GCC_WARN_UNUSED_FUNCTION = YES;
				GCC_WARN_UNUSED_VARIABLE = YES;
				IPHONEOS_DEPLOYMENT_TARGET = 10.2;
				MTL_ENABLE_DEBUG_INFO = NO;
				SDKROOT = iphoneos;
				SWIFT_OPTIMIZATION_LEVEL = "-Owholemodule";
				TARGETED_DEVICE_FAMILY = "1,2";
				VALIDATE_PRODUCT = YES;
			};
			name = Release;
		};
		731546BA1E6D104F00BD34ED /* Debug */ = {
			isa = XCBuildConfiguration;
			baseConfigurationReference = BBDC0B1FF02CB17574916BB5 /* Pods-Instagram.debug.xcconfig */;
			buildSettings = {
				ASSETCATALOG_COMPILER_APPICON_NAME = AppIcon;
				DEVELOPMENT_TEAM = 34WD9C788A;
				INFOPLIST_FILE = Instagram/Info.plist;
				LD_RUNPATH_SEARCH_PATHS = "$(inherited) @executable_path/Frameworks";
				PRODUCT_BUNDLE_IDENTIFIER = RyanLiszewski.Instagram;
				PRODUCT_NAME = "$(TARGET_NAME)";
				SWIFT_VERSION = 3.0;
			};
			name = Debug;
		};
		731546BB1E6D104F00BD34ED /* Release */ = {
			isa = XCBuildConfiguration;
			baseConfigurationReference = FBE28DEF51EF08FC55EB82C0 /* Pods-Instagram.release.xcconfig */;
			buildSettings = {
				ASSETCATALOG_COMPILER_APPICON_NAME = AppIcon;
				DEVELOPMENT_TEAM = 34WD9C788A;
				INFOPLIST_FILE = Instagram/Info.plist;
				LD_RUNPATH_SEARCH_PATHS = "$(inherited) @executable_path/Frameworks";
				PRODUCT_BUNDLE_IDENTIFIER = RyanLiszewski.Instagram;
				PRODUCT_NAME = "$(TARGET_NAME)";
				SWIFT_VERSION = 3.0;
			};
			name = Release;
		};
		7332208B1E6D184900EE792B /* Debug */ = {
			isa = XCBuildConfiguration;
			buildSettings = {
				DEVELOPMENT_TEAM = 34WD9C788A;
				INFOPLIST_FILE = InstagramUITests/Info.plist;
				LD_RUNPATH_SEARCH_PATHS = "$(inherited) @executable_path/Frameworks @loader_path/Frameworks";
				PRODUCT_BUNDLE_IDENTIFIER = RyanLiszewski.InstagramUITests;
				PRODUCT_NAME = "$(TARGET_NAME)";
				SWIFT_VERSION = 3.0;
				TEST_TARGET_NAME = Instagram;
			};
			name = Debug;
		};
		7332208C1E6D184900EE792B /* Release */ = {
			isa = XCBuildConfiguration;
			buildSettings = {
				DEVELOPMENT_TEAM = 34WD9C788A;
				INFOPLIST_FILE = InstagramUITests/Info.plist;
				LD_RUNPATH_SEARCH_PATHS = "$(inherited) @executable_path/Frameworks @loader_path/Frameworks";
				PRODUCT_BUNDLE_IDENTIFIER = RyanLiszewski.InstagramUITests;
				PRODUCT_NAME = "$(TARGET_NAME)";
				SWIFT_VERSION = 3.0;
				TEST_TARGET_NAME = Instagram;
			};
			name = Release;
		};
		7332209A1E6D185700EE792B /* Debug */ = {
			isa = XCBuildConfiguration;
			buildSettings = {
				BUNDLE_LOADER = "$(TEST_HOST)";
				DEVELOPMENT_TEAM = 34WD9C788A;
				INFOPLIST_FILE = InstagramTests/Info.plist;
				LD_RUNPATH_SEARCH_PATHS = "$(inherited) @executable_path/Frameworks @loader_path/Frameworks";
				PRODUCT_BUNDLE_IDENTIFIER = RyanLiszewski.InstagramTests;
				PRODUCT_NAME = "$(TARGET_NAME)";
				SWIFT_VERSION = 3.0;
				TEST_HOST = "$(BUILT_PRODUCTS_DIR)/Instagram.app/Instagram";
			};
			name = Debug;
		};
		7332209B1E6D185700EE792B /* Release */ = {
			isa = XCBuildConfiguration;
			buildSettings = {
				BUNDLE_LOADER = "$(TEST_HOST)";
				DEVELOPMENT_TEAM = 34WD9C788A;
				INFOPLIST_FILE = InstagramTests/Info.plist;
				LD_RUNPATH_SEARCH_PATHS = "$(inherited) @executable_path/Frameworks @loader_path/Frameworks";
				PRODUCT_BUNDLE_IDENTIFIER = RyanLiszewski.InstagramTests;
				PRODUCT_NAME = "$(TARGET_NAME)";
				SWIFT_VERSION = 3.0;
				TEST_HOST = "$(BUILT_PRODUCTS_DIR)/Instagram.app/Instagram";
			};
			name = Release;
		};
/* End XCBuildConfiguration section */

/* Begin XCConfigurationList section */
		731546A21E6D104F00BD34ED /* Build configuration list for PBXProject "Instagram" */ = {
			isa = XCConfigurationList;
			buildConfigurations = (
				731546B71E6D104F00BD34ED /* Debug */,
				731546B81E6D104F00BD34ED /* Release */,
			);
			defaultConfigurationIsVisible = 0;
			defaultConfigurationName = Release;
		};
		731546B91E6D104F00BD34ED /* Build configuration list for PBXNativeTarget "Instagram" */ = {
			isa = XCConfigurationList;
			buildConfigurations = (
				731546BA1E6D104F00BD34ED /* Debug */,
				731546BB1E6D104F00BD34ED /* Release */,
			);
			defaultConfigurationIsVisible = 0;
			defaultConfigurationName = Release;
		};
		7332208D1E6D184900EE792B /* Build configuration list for PBXNativeTarget "InstagramUITests" */ = {
			isa = XCConfigurationList;
			buildConfigurations = (
				7332208B1E6D184900EE792B /* Debug */,
				7332208C1E6D184900EE792B /* Release */,
			);
			defaultConfigurationIsVisible = 0;
			defaultConfigurationName = Release;
		};
		733220991E6D185700EE792B /* Build configuration list for PBXNativeTarget "InstagramTests" */ = {
			isa = XCConfigurationList;
			buildConfigurations = (
				7332209A1E6D185700EE792B /* Debug */,
				7332209B1E6D185700EE792B /* Release */,
			);
			defaultConfigurationIsVisible = 0;
			defaultConfigurationName = Release;
		};
/* End XCConfigurationList section */
	};
	rootObject = 7315469F1E6D104F00BD34ED /* Project object */;
}
